
Microsoft Visual Studio Solution File, Format Version 12.00
Project("{FAE04EC0-301F-11D3-BF4B-00C04F79EFBC}") = "TYTDLPCS", "TYTDLPCS.csproj", "{9BC6F1D2-C06C-43D9-A234-9FA6FB9D281D}"
EndProject
Project("{FAE04EC0-301F-11D3-BF4B-00C04F79EFBC}") = "CliWrap", "..\CliWrap\CliWrap\CliWrap.csproj", "{94DD54BB-BE86-43C9-9387-D828C05D88E1}"
EndProject
Project("{FAE04EC0-301F-11D3-BF4B-00C04F79EFBC}") = "CliWrap.Signaler", "..\CliWrap\CliWrap.Signaler\CliWrap.Signaler.csproj", "{D3D81754-C85B-4844-AF08-6649048A48CA}"
EndProject
Project("{FAE04EC0-301F-11D3-BF4B-00C04F79EFBC}") = "TyranoKurwusBot", "TyranoKurwusBot\TyranoKurwusBot.csproj", "{51F894DA-8EC1-4D10-B22C-238022AF37C5}"
EndProject
Global
	GlobalSection(SolutionConfigurationPlatforms) = preSolution
		Debug|Any CPU = Debug|Any CPU
		Release|Any CPU = Release|Any CPU
	EndGlobalSection
	GlobalSection(ProjectConfigurationPlatforms) = postSolution
		{9BC6F1D2-C06C-43D9-A234-9FA6FB9D281D}.Debug|Any CPU.ActiveCfg = Debug|Any CPU
		{9BC6F1D2-C06C-43D9-A234-9FA6FB9D281D}.Debug|Any CPU.Build.0 = Debug|Any CPU
		{9BC6F1D2-C06C-43D9-A234-9FA6FB9D281D}.Release|Any CPU.ActiveCfg = Release|Any CPU
		{9BC6F1D2-C06C-43D9-A234-9FA6FB9D281D}.Release|Any CPU.Build.0 = Release|Any CPU
		{94DD54BB-BE86-43C9-9387-D828C05D88E1}.Debug|Any CPU.ActiveCfg = Debug|Any CPU
		{94DD54BB-BE86-43C9-9387-D828C05D88E1}.Debug|Any CPU.Build.0 = Debug|Any CPU
		{94DD54BB-BE86-43C9-9387-D828C05D88E1}.Release|Any CPU.ActiveCfg = Release|Any CPU
		{94DD54BB-BE86-43C9-9387-D828C05D88E1}.Release|Any CPU.Build.0 = Release|Any CPU
		{D3D81754-C85B-4844-AF08-6649048A48CA}.Debug|Any CPU.ActiveCfg = Debug|Any CPU
		{D3D81754-C85B-4844-AF08-6649048A48CA}.Debug|Any CPU.Build.0 = Debug|Any CPU
		{D3D81754-C85B-4844-AF08-6649048A48CA}.Release|Any CPU.ActiveCfg = Release|Any CPU
		{D3D81754-C85B-4844-AF08-6649048A48CA}.Release|Any CPU.Build.0 = Release|Any CPU
		{51F894DA-8EC1-4D10-B22C-238022AF37C5}.Debug|Any CPU.ActiveCfg = Debug|Any CPU
		{51F894DA-8EC1-4D10-B22C-238022AF37C5}.Debug|Any CPU.Build.0 = Debug|Any CPU
		{51F894DA-8EC1-4D10-B22C-238022AF37C5}.Release|Any CPU.ActiveCfg = Release|Any CPU
		{51F894DA-8EC1-4D10-B22C-238022AF37C5}.Release|Any CPU.Build.0 = Release|Any CPU
	EndGlobalSection
EndGlobal
